
Microsoft Visual Studio Solution File, Format Version 12.00
# Visual Studio Version 16
VisualStudioVersion = 16.0.30804.86
MinimumVisualStudioVersion = 10.0.40219.1
Project("{9A19103F-16F7-4668-BE54-9A1E7A4F7556}") = "WhiteBoardSD9", "WhiteBoardSD9\WhiteBoardSD9.csproj", "{29EE43C7-2846-4C80-A4BC-FB8FC523BCDE}"
EndProject
Project("{9A19103F-16F7-4668-BE54-9A1E7A4F7556}") = "OddOrEven", "OddOrEven\OddOrEven.csproj", "{1496D3EC-96F5-4463-9B7C-3BE28C43024D}"
EndProject
Project("{9A19103F-16F7-4668-BE54-9A1E7A4F7556}") = "SimpleGeometry", "SimpleGeometry\SimpleGeometry.csproj", "{A3F1D559-9C44-41A3-82D4-5198FC717D22}"
EndProject
Project("{9A19103F-16F7-4668-BE54-9A1E7A4F7556}") = "Alphabetize", "Alphabetize\Alphabetize.csproj", "{8EE02643-B4EF-47B9-82DA-282AE6B29AF2}"
EndProject
Project("{9A19103F-16F7-4668-BE54-9A1E7A4F7556}") = "AlphabetizeTest", "AlphabetizeTest\AlphabetizeTest.csproj", "{418EC5FF-925C-45B4-9774-66160962D04C}"
EndProject
Project("{9A19103F-16F7-4668-BE54-9A1E7A4F7556}") = "CamelCase", "CamelCase\CamelCase.csproj", "{5F5FFF97-177A-4305-984B-F0569ABF1579}"
EndProject
Project("{9A19103F-16F7-4668-BE54-9A1E7A4F7556}") = "CamelCaseTest", "CamelCaseTest\CamelCaseTest.csproj", "{62613632-D26E-4322-B6CA-8922280A78E1}"
EndProject
Project("{FAE04EC0-301F-11D3-BF4B-00C04F79EFBC}") = "PrimeNumbers", "PrimeNumbers\PrimeNumbers.csproj", "{EBEA96DF-2E98-412A-9046-7FA615B6A1C2}"
EndProject
Global
	GlobalSection(SolutionConfigurationPlatforms) = preSolution
		Debug|Any CPU = Debug|Any CPU
		Debug|ARM = Debug|ARM
		Debug|ARM64 = Debug|ARM64
		Debug|x64 = Debug|x64
		Debug|x86 = Debug|x86
		Release|Any CPU = Release|Any CPU
		Release|ARM = Release|ARM
		Release|ARM64 = Release|ARM64
		Release|x64 = Release|x64
		Release|x86 = Release|x86
	EndGlobalSection
	GlobalSection(ProjectConfigurationPlatforms) = postSolution
		{29EE43C7-2846-4C80-A4BC-FB8FC523BCDE}.Debug|Any CPU.ActiveCfg = Debug|Any CPU
		{29EE43C7-2846-4C80-A4BC-FB8FC523BCDE}.Debug|Any CPU.Build.0 = Debug|Any CPU
		{29EE43C7-2846-4C80-A4BC-FB8FC523BCDE}.Debug|ARM.ActiveCfg = Debug|Any CPU
		{29EE43C7-2846-4C80-A4BC-FB8FC523BCDE}.Debug|ARM.Build.0 = Debug|Any CPU
		{29EE43C7-2846-4C80-A4BC-FB8FC523BCDE}.Debug|ARM64.ActiveCfg = Debug|Any CPU
		{29EE43C7-2846-4C80-A4BC-FB8FC523BCDE}.Debug|ARM64.Build.0 = Debug|Any CPU
		{29EE43C7-2846-4C80-A4BC-FB8FC523BCDE}.Debug|x64.ActiveCfg = Debug|Any CPU
		{29EE43C7-2846-4C80-A4BC-FB8FC523BCDE}.Debug|x64.Build.0 = Debug|Any CPU
		{29EE43C7-2846-4C80-A4BC-FB8FC523BCDE}.Debug|x86.ActiveCfg = Debug|Any CPU
		{29EE43C7-2846-4C80-A4BC-FB8FC523BCDE}.Debug|x86.Build.0 = Debug|Any CPU
		{29EE43C7-2846-4C80-A4BC-FB8FC523BCDE}.Release|Any CPU.ActiveCfg = Release|Any CPU
		{29EE43C7-2846-4C80-A4BC-FB8FC523BCDE}.Release|Any CPU.Build.0 = Release|Any CPU
		{29EE43C7-2846-4C80-A4BC-FB8FC523BCDE}.Release|ARM.ActiveCfg = Release|Any CPU
		{29EE43C7-2846-4C80-A4BC-FB8FC523BCDE}.Release|ARM.Build.0 = Release|Any CPU
		{29EE43C7-2846-4C80-A4BC-FB8FC523BCDE}.Release|ARM64.ActiveCfg = Release|Any CPU
		{29EE43C7-2846-4C80-A4BC-FB8FC523BCDE}.Release|ARM64.Build.0 = Release|Any CPU
		{29EE43C7-2846-4C80-A4BC-FB8FC523BCDE}.Release|x64.ActiveCfg = Release|Any CPU
		{29EE43C7-2846-4C80-A4BC-FB8FC523BCDE}.Release|x64.Build.0 = Release|Any CPU
		{29EE43C7-2846-4C80-A4BC-FB8FC523BCDE}.Release|x86.ActiveCfg = Release|Any CPU
		{29EE43C7-2846-4C80-A4BC-FB8FC523BCDE}.Release|x86.Build.0 = Release|Any CPU
		{1496D3EC-96F5-4463-9B7C-3BE28C43024D}.Debug|Any CPU.ActiveCfg = Debug|Any CPU
		{1496D3EC-96F5-4463-9B7C-3BE28C43024D}.Debug|Any CPU.Build.0 = Debug|Any CPU
		{1496D3EC-96F5-4463-9B7C-3BE28C43024D}.Debug|ARM.ActiveCfg = Debug|Any CPU
		{1496D3EC-96F5-4463-9B7C-3BE28C43024D}.Debug|ARM.Build.0 = Debug|Any CPU
		{1496D3EC-96F5-4463-9B7C-3BE28C43024D}.Debug|ARM64.ActiveCfg = Debug|Any CPU
		{1496D3EC-96F5-4463-9B7C-3BE28C43024D}.Debug|ARM64.Build.0 = Debug|Any CPU
		{1496D3EC-96F5-4463-9B7C-3BE28C43024D}.Debug|x64.ActiveCfg = Debug|Any CPU
		{1496D3EC-96F5-4463-9B7C-3BE28C43024D}.Debug|x64.Build.0 = Debug|Any CPU
		{1496D3EC-96F5-4463-9B7C-3BE28C43024D}.Debug|x86.ActiveCfg = Debug|Any CPU
		{1496D3EC-96F5-4463-9B7C-3BE28C43024D}.Debug|x86.Build.0 = Debug|Any CPU
		{1496D3EC-96F5-4463-9B7C-3BE28C43024D}.Release|Any CPU.ActiveCfg = Release|Any CPU
		{1496D3EC-96F5-4463-9B7C-3BE28C43024D}.Release|Any CPU.Build.0 = Release|Any CPU
		{1496D3EC-96F5-4463-9B7C-3BE28C43024D}.Release|ARM.ActiveCfg = Release|Any CPU
		{1496D3EC-96F5-4463-9B7C-3BE28C43024D}.Release|ARM.Build.0 = Release|Any CPU
		{1496D3EC-96F5-4463-9B7C-3BE28C43024D}.Release|ARM64.ActiveCfg = Release|Any CPU
		{1496D3EC-96F5-4463-9B7C-3BE28C43024D}.Release|ARM64.Build.0 = Release|Any CPU
		{1496D3EC-96F5-4463-9B7C-3BE28C43024D}.Release|x64.ActiveCfg = Release|Any CPU
		{1496D3EC-96F5-4463-9B7C-3BE28C43024D}.Release|x64.Build.0 = Release|Any CPU
		{1496D3EC-96F5-4463-9B7C-3BE28C43024D}.Release|x86.ActiveCfg = Release|Any CPU
		{1496D3EC-96F5-4463-9B7C-3BE28C43024D}.Release|x86.Build.0 = Release|Any CPU
		{A3F1D559-9C44-41A3-82D4-5198FC717D22}.Debug|Any CPU.ActiveCfg = Debug|Any CPU
		{A3F1D559-9C44-41A3-82D4-5198FC717D22}.Debug|Any CPU.Build.0 = Debug|Any CPU
		{A3F1D559-9C44-41A3-82D4-5198FC717D22}.Debug|ARM.ActiveCfg = Debug|Any CPU
		{A3F1D559-9C44-41A3-82D4-5198FC717D22}.Debug|ARM.Build.0 = Debug|Any CPU
		{A3F1D559-9C44-41A3-82D4-5198FC717D22}.Debug|ARM64.ActiveCfg = Debug|Any CPU
		{A3F1D559-9C44-41A3-82D4-5198FC717D22}.Debug|ARM64.Build.0 = Debug|Any CPU
		{A3F1D559-9C44-41A3-82D4-5198FC717D22}.Debug|x64.ActiveCfg = Debug|Any CPU
		{A3F1D559-9C44-41A3-82D4-5198FC717D22}.Debug|x64.Build.0 = Debug|Any CPU
		{A3F1D559-9C44-41A3-82D4-5198FC717D22}.Debug|x86.ActiveCfg = Debug|Any CPU
		{A3F1D559-9C44-41A3-82D4-5198FC717D22}.Debug|x86.Build.0 = Debug|Any CPU
		{A3F1D559-9C44-41A3-82D4-5198FC717D22}.Release|Any CPU.ActiveCfg = Release|Any CPU
		{A3F1D559-9C44-41A3-82D4-5198FC717D22}.Release|Any CPU.Build.0 = Release|Any CPU
		{A3F1D559-9C44-41A3-82D4-5198FC717D22}.Release|ARM.ActiveCfg = Release|Any CPU
		{A3F1D559-9C44-41A3-82D4-5198FC717D22}.Release|ARM.Build.0 = Release|Any CPU
		{A3F1D559-9C44-41A3-82D4-5198FC717D22}.Release|ARM64.ActiveCfg = Release|Any CPU
		{A3F1D559-9C44-41A3-82D4-5198FC717D22}.Release|ARM64.Build.0 = Release|Any CPU
		{A3F1D559-9C44-41A3-82D4-5198FC717D22}.Release|x64.ActiveCfg = Release|Any CPU
		{A3F1D559-9C44-41A3-82D4-5198FC717D22}.Release|x64.Build.0 = Release|Any CPU
		{A3F1D559-9C44-41A3-82D4-5198FC717D22}.Release|x86.ActiveCfg = Release|Any CPU
		{A3F1D559-9C44-41A3-82D4-5198FC717D22}.Release|x86.Build.0 = Release|Any CPU
		{8EE02643-B4EF-47B9-82DA-282AE6B29AF2}.Debug|Any CPU.ActiveCfg = Debug|Any CPU
		{8EE02643-B4EF-47B9-82DA-282AE6B29AF2}.Debug|Any CPU.Build.0 = Debug|Any CPU
		{8EE02643-B4EF-47B9-82DA-282AE6B29AF2}.Debug|ARM.ActiveCfg = Debug|Any CPU
		{8EE02643-B4EF-47B9-82DA-282AE6B29AF2}.Debug|ARM.Build.0 = Debug|Any CPU
		{8EE02643-B4EF-47B9-82DA-282AE6B29AF2}.Debug|ARM64.ActiveCfg = Debug|Any CPU
		{8EE02643-B4EF-47B9-82DA-282AE6B29AF2}.Debug|ARM64.Build.0 = Debug|Any CPU
		{8EE02643-B4EF-47B9-82DA-282AE6B29AF2}.Debug|x64.ActiveCfg = Debug|Any CPU
		{8EE02643-B4EF-47B9-82DA-282AE6B29AF2}.Debug|x64.Build.0 = Debug|Any CPU
		{8EE02643-B4EF-47B9-82DA-282AE6B29AF2}.Debug|x86.ActiveCfg = Debug|Any CPU
		{8EE02643-B4EF-47B9-82DA-282AE6B29AF2}.Debug|x86.Build.0 = Debug|Any CPU
		{8EE02643-B4EF-47B9-82DA-282AE6B29AF2}.Release|Any CPU.ActiveCfg = Release|Any CPU
		{8EE02643-B4EF-47B9-82DA-282AE6B29AF2}.Release|Any CPU.Build.0 = Release|Any CPU
		{8EE02643-B4EF-47B9-82DA-282AE6B29AF2}.Release|ARM.ActiveCfg = Release|Any CPU
		{8EE02643-B4EF-47B9-82DA-282AE6B29AF2}.Release|ARM.Build.0 = Release|Any CPU
		{8EE02643-B4EF-47B9-82DA-282AE6B29AF2}.Release|ARM64.ActiveCfg = Release|Any CPU
		{8EE02643-B4EF-47B9-82DA-282AE6B29AF2}.Release|ARM64.Build.0 = Release|Any CPU
		{8EE02643-B4EF-47B9-82DA-282AE6B29AF2}.Release|x64.ActiveCfg = Release|Any CPU
		{8EE02643-B4EF-47B9-82DA-282AE6B29AF2}.Release|x64.Build.0 = Release|Any CPU
		{8EE02643-B4EF-47B9-82DA-282AE6B29AF2}.Release|x86.ActiveCfg = Release|Any CPU
		{8EE02643-B4EF-47B9-82DA-282AE6B29AF2}.Release|x86.Build.0 = Release|Any CPU
		{418EC5FF-925C-45B4-9774-66160962D04C}.Debug|Any CPU.ActiveCfg = Debug|Any CPU
		{418EC5FF-925C-45B4-9774-66160962D04C}.Debug|Any CPU.Build.0 = Debug|Any CPU
		{418EC5FF-925C-45B4-9774-66160962D04C}.Debug|ARM.ActiveCfg = Debug|Any CPU
		{418EC5FF-925C-45B4-9774-66160962D04C}.Debug|ARM.Build.0 = Debug|Any CPU
		{418EC5FF-925C-45B4-9774-66160962D04C}.Debug|ARM64.ActiveCfg = Debug|Any CPU
		{418EC5FF-925C-45B4-9774-66160962D04C}.Debug|ARM64.Build.0 = Debug|Any CPU
		{418EC5FF-925C-45B4-9774-66160962D04C}.Debug|x64.ActiveCfg = Debug|Any CPU
		{418EC5FF-925C-45B4-9774-66160962D04C}.Debug|x64.Build.0 = Debug|Any CPU
		{418EC5FF-925C-45B4-9774-66160962D04C}.Debug|x86.ActiveCfg = Debug|Any CPU
		{418EC5FF-925C-45B4-9774-66160962D04C}.Debug|x86.Build.0 = Debug|Any CPU
		{418EC5FF-925C-45B4-9774-66160962D04C}.Release|Any CPU.ActiveCfg = Release|Any CPU
		{418EC5FF-925C-45B4-9774-66160962D04C}.Release|Any CPU.Build.0 = Release|Any CPU
		{418EC5FF-925C-45B4-9774-66160962D04C}.Release|ARM.ActiveCfg = Release|Any CPU
		{418EC5FF-925C-45B4-9774-66160962D04C}.Release|ARM.Build.0 = Release|Any CPU
		{418EC5FF-925C-45B4-9774-66160962D04C}.Release|ARM64.ActiveCfg = Release|Any CPU
		{418EC5FF-925C-45B4-9774-66160962D04C}.Release|ARM64.Build.0 = Release|Any CPU
		{418EC5FF-925C-45B4-9774-66160962D04C}.Release|x64.ActiveCfg = Release|Any CPU
		{418EC5FF-925C-45B4-9774-66160962D04C}.Release|x64.Build.0 = Release|Any CPU
		{418EC5FF-925C-45B4-9774-66160962D04C}.Release|x86.ActiveCfg = Release|Any CPU
		{418EC5FF-925C-45B4-9774-66160962D04C}.Release|x86.Build.0 = Release|Any CPU
		{5F5FFF97-177A-4305-984B-F0569ABF1579}.Debug|Any CPU.ActiveCfg = Debug|Any CPU
		{5F5FFF97-177A-4305-984B-F0569ABF1579}.Debug|Any CPU.Build.0 = Debug|Any CPU
		{5F5FFF97-177A-4305-984B-F0569ABF1579}.Debug|ARM.ActiveCfg = Debug|Any CPU
		{5F5FFF97-177A-4305-984B-F0569ABF1579}.Debug|ARM.Build.0 = Debug|Any CPU
		{5F5FFF97-177A-4305-984B-F0569ABF1579}.Debug|ARM64.ActiveCfg = Debug|Any CPU
		{5F5FFF97-177A-4305-984B-F0569ABF1579}.Debug|ARM64.Build.0 = Debug|Any CPU
		{5F5FFF97-177A-4305-984B-F0569ABF1579}.Debug|x64.ActiveCfg = Debug|Any CPU
		{5F5FFF97-177A-4305-984B-F0569ABF1579}.Debug|x64.Build.0 = Debug|Any CPU
		{5F5FFF97-177A-4305-984B-F0569ABF1579}.Debug|x86.ActiveCfg = Debug|Any CPU
		{5F5FFF97-177A-4305-984B-F0569ABF1579}.Debug|x86.Build.0 = Debug|Any CPU
		{5F5FFF97-177A-4305-984B-F0569ABF1579}.Release|Any CPU.ActiveCfg = Release|Any CPU
		{5F5FFF97-177A-4305-984B-F0569ABF1579}.Release|Any CPU.Build.0 = Release|Any CPU
		{5F5FFF97-177A-4305-984B-F0569ABF1579}.Release|ARM.ActiveCfg = Release|Any CPU
		{5F5FFF97-177A-4305-984B-F0569ABF1579}.Release|ARM.Build.0 = Release|Any CPU
		{5F5FFF97-177A-4305-984B-F0569ABF1579}.Release|ARM64.ActiveCfg = Release|Any CPU
		{5F5FFF97-177A-4305-984B-F0569ABF1579}.Release|ARM64.Build.0 = Release|Any CPU
		{5F5FFF97-177A-4305-984B-F0569ABF1579}.Release|x64.ActiveCfg = Release|Any CPU
		{5F5FFF97-177A-4305-984B-F0569ABF1579}.Release|x64.Build.0 = Release|Any CPU
		{5F5FFF97-177A-4305-984B-F0569ABF1579}.Release|x86.ActiveCfg = Release|Any CPU
		{5F5FFF97-177A-4305-984B-F0569ABF1579}.Release|x86.Build.0 = Release|Any CPU
		{62613632-D26E-4322-B6CA-8922280A78E1}.Debug|Any CPU.ActiveCfg = Debug|Any CPU
		{62613632-D26E-4322-B6CA-8922280A78E1}.Debug|Any CPU.Build.0 = Debug|Any CPU
		{62613632-D26E-4322-B6CA-8922280A78E1}.Debug|ARM.ActiveCfg = Debug|Any CPU
		{62613632-D26E-4322-B6CA-8922280A78E1}.Debug|ARM.Build.0 = Debug|Any CPU
		{62613632-D26E-4322-B6CA-8922280A78E1}.Debug|ARM64.ActiveCfg = Debug|Any CPU
		{62613632-D26E-4322-B6CA-8922280A78E1}.Debug|ARM64.Build.0 = Debug|Any CPU
		{62613632-D26E-4322-B6CA-8922280A78E1}.Debug|x64.ActiveCfg = Debug|Any CPU
		{62613632-D26E-4322-B6CA-8922280A78E1}.Debug|x64.Build.0 = Debug|Any CPU
		{62613632-D26E-4322-B6CA-8922280A78E1}.Debug|x86.ActiveCfg = Debug|Any CPU
		{62613632-D26E-4322-B6CA-8922280A78E1}.Debug|x86.Build.0 = Debug|Any CPU
		{62613632-D26E-4322-B6CA-8922280A78E1}.Release|Any CPU.ActiveCfg = Release|Any CPU
		{62613632-D26E-4322-B6CA-8922280A78E1}.Release|Any CPU.Build.0 = Release|Any CPU
		{62613632-D26E-4322-B6CA-8922280A78E1}.Release|ARM.ActiveCfg = Release|Any CPU
		{62613632-D26E-4322-B6CA-8922280A78E1}.Release|ARM.Build.0 = Release|Any CPU
		{62613632-D26E-4322-B6CA-8922280A78E1}.Release|ARM64.ActiveCfg = Release|Any CPU
		{62613632-D26E-4322-B6CA-8922280A78E1}.Release|ARM64.Build.0 = Release|Any CPU
		{62613632-D26E-4322-B6CA-8922280A78E1}.Release|x64.ActiveCfg = Release|Any CPU
		{62613632-D26E-4322-B6CA-8922280A78E1}.Release|x64.Build.0 = Release|Any CPU
		{62613632-D26E-4322-B6CA-8922280A78E1}.Release|x86.ActiveCfg = Release|Any CPU
		{62613632-D26E-4322-B6CA-8922280A78E1}.Release|x86.Build.0 = Release|Any CPU
		{EBEA96DF-2E98-412A-9046-7FA615B6A1C2}.Debug|Any CPU.ActiveCfg = Debug|Any CPU
		{EBEA96DF-2E98-412A-9046-7FA615B6A1C2}.Debug|Any CPU.Build.0 = Debug|Any CPU
		{EBEA96DF-2E98-412A-9046-7FA615B6A1C2}.Debug|ARM.ActiveCfg = Debug|Any CPU
		{EBEA96DF-2E98-412A-9046-7FA615B6A1C2}.Debug|ARM.Build.0 = Debug|Any CPU
		{EBEA96DF-2E98-412A-9046-7FA615B6A1C2}.Debug|ARM64.ActiveCfg = Debug|Any CPU
		{EBEA96DF-2E98-412A-9046-7FA615B6A1C2}.Debug|ARM64.Build.0 = Debug|Any CPU
		{EBEA96DF-2E98-412A-9046-7FA615B6A1C2}.Debug|x64.ActiveCfg = Debug|Any CPU
		{EBEA96DF-2E98-412A-9046-7FA615B6A1C2}.Debug|x64.Build.0 = Debug|Any CPU
		{EBEA96DF-2E98-412A-9046-7FA615B6A1C2}.Debug|x86.ActiveCfg = Debug|Any CPU
		{EBEA96DF-2E98-412A-9046-7FA615B6A1C2}.Debug|x86.Build.0 = Debug|Any CPU
		{EBEA96DF-2E98-412A-9046-7FA615B6A1C2}.Release|Any CPU.ActiveCfg = Release|Any CPU
		{EBEA96DF-2E98-412A-9046-7FA615B6A1C2}.Release|Any CPU.Build.0 = Release|Any CPU
		{EBEA96DF-2E98-412A-9046-7FA615B6A1C2}.Release|ARM.ActiveCfg = Release|Any CPU
		{EBEA96DF-2E98-412A-9046-7FA615B6A1C2}.Release|ARM.Build.0 = Release|Any CPU
		{EBEA96DF-2E98-412A-9046-7FA615B6A1C2}.Release|ARM64.ActiveCfg = Release|Any CPU
		{EBEA96DF-2E98-412A-9046-7FA615B6A1C2}.Release|ARM64.Build.0 = Release|Any CPU
		{EBEA96DF-2E98-412A-9046-7FA615B6A1C2}.Release|x64.ActiveCfg = Release|Any CPU
		{EBEA96DF-2E98-412A-9046-7FA615B6A1C2}.Release|x64.Build.0 = Release|Any CPU
		{EBEA96DF-2E98-412A-9046-7FA615B6A1C2}.Release|x86.ActiveCfg = Release|Any CPU
		{EBEA96DF-2E98-412A-9046-7FA615B6A1C2}.Release|x86.Build.0 = Release|Any CPU
	EndGlobalSection
	GlobalSection(SolutionProperties) = preSolution
		HideSolutionNode = FALSE
	EndGlobalSection
	GlobalSection(ExtensibilityGlobals) = postSolution
		SolutionGuid = {D7261B23-839C-4FDB-AE6F-9B58AF671925}
	EndGlobalSection
EndGlobal
